// !$*UTF8*$!
{
	archiveVersion = 1;
	classes = {
	};
	objectVersion = 50;
	objects = {

/* Begin PBXBuildFile section */
		A4CB5EC626394B640042EB76 /* AppDelegate.swift in Sources */ = {isa = PBXBuildFile; fileRef = A4CB5EC526394B640042EB76 /* AppDelegate.swift */; };
		A4CB5EC826394B640042EB76 /* SceneDelegate.swift in Sources */ = {isa = PBXBuildFile; fileRef = A4CB5EC726394B640042EB76 /* SceneDelegate.swift */; };
		A4CB5ECA26394B640042EB76 /* ViewController.swift in Sources */ = {isa = PBXBuildFile; fileRef = A4CB5EC926394B640042EB76 /* ViewController.swift */; };
		A4CB5ECD26394B640042EB76 /* Main.storyboard in Resources */ = {isa = PBXBuildFile; fileRef = A4CB5ECB26394B640042EB76 /* Main.storyboard */; };
		A4CB5ECF26394B660042EB76 /* Assets.xcassets in Resources */ = {isa = PBXBuildFile; fileRef = A4CB5ECE26394B660042EB76 /* Assets.xcassets */; };
		A4CB5ED226394B660042EB76 /* LaunchScreen.storyboard in Resources */ = {isa = PBXBuildFile; fileRef = A4CB5ED026394B660042EB76 /* LaunchScreen.storyboard */; };
		A4CB5EDD26394B670042EB76 /* Task8Tests.swift in Sources */ = {isa = PBXBuildFile; fileRef = A4CB5EDC26394B670042EB76 /* Task8Tests.swift */; };
		A4CB5EE826394B670042EB76 /* Task8UITests.swift in Sources */ = {isa = PBXBuildFile; fileRef = A4CB5EE726394B670042EB76 /* Task8UITests.swift */; };
/* End PBXBuildFile section */

/* Begin PBXContainerItemProxy section */
		A4CB5ED926394B670042EB76 /* PBXContainerItemProxy */ = {
			isa = PBXContainerItemProxy;
			containerPortal = A4CB5EBA26394B640042EB76 /* Project object */;
			proxyType = 1;
			remoteGlobalIDString = A4CB5EC126394B640042EB76;
			remoteInfo = Task8;
		};
		A4CB5EE426394B670042EB76 /* PBXContainerItemProxy */ = {
			isa = PBXContainerItemProxy;
			containerPortal = A4CB5EBA26394B640042EB76 /* Project object */;
			proxyType = 1;
			remoteGlobalIDString = A4CB5EC126394B640042EB76;
			remoteInfo = Task8;
		};
/* End PBXContainerItemProxy section */

/* Begin PBXFileReference section */
		A4CB5EC226394B640042EB76 /* Task8.app */ = {isa = PBXFileReference; explicitFileType = wrapper.application; includeInIndex = 0; path = Task8.app; sourceTree = BUILT_PRODUCTS_DIR; };
		A4CB5EC526394B640042EB76 /* AppDelegate.swift */ = {isa = PBXFileReference; lastKnownFileType = sourcecode.swift; path = AppDelegate.swift; sourceTree = "<group>"; };
		A4CB5EC726394B640042EB76 /* SceneDelegate.swift */ = {isa = PBXFileReference; lastKnownFileType = sourcecode.swift; path = SceneDelegate.swift; sourceTree = "<group>"; };
		A4CB5EC926394B640042EB76 /* ViewController.swift */ = {isa = PBXFileReference; lastKnownFileType = sourcecode.swift; path = ViewController.swift; sourceTree = "<group>"; };
		A4CB5ECC26394B640042EB76 /* Base */ = {isa = PBXFileReference; lastKnownFileType = file.storyboard; name = Base; path = Base.lproj/Main.storyboard; sourceTree = "<group>"; };
		A4CB5ECE26394B660042EB76 /* Assets.xcassets */ = {isa = PBXFileReference; lastKnownFileType = folder.assetcatalog; path = Assets.xcassets; sourceTree = "<group>"; };
		A4CB5ED126394B660042EB76 /* Base */ = {isa = PBXFileReference; lastKnownFileType = file.storyboard; name = Base; path = Base.lproj/LaunchScreen.storyboard; sourceTree = "<group>"; };
		A4CB5ED326394B660042EB76 /* Info.plist */ = {isa = PBXFileReference; lastKnownFileType = text.plist.xml; path = Info.plist; sourceTree = "<group>"; };
		A4CB5ED826394B670042EB76 /* Task8Tests.xctest */ = {isa = PBXFileReference; explicitFileType = wrapper.cfbundle; includeInIndex = 0; path = Task8Tests.xctest; sourceTree = BUILT_PRODUCTS_DIR; };
		A4CB5EDC26394B670042EB76 /* Task8Tests.swift */ = {isa = PBXFileReference; lastKnownFileType = sourcecode.swift; path = Task8Tests.swift; sourceTree = "<group>"; };
		A4CB5EDE26394B670042EB76 /* Info.plist */ = {isa = PBXFileReference; lastKnownFileType = text.plist.xml; path = Info.plist; sourceTree = "<group>"; };
		A4CB5EE326394B670042EB76 /* Task8UITests.xctest */ = {isa = PBXFileReference; explicitFileType = wrapper.cfbundle; includeInIndex = 0; path = Task8UITests.xctest; sourceTree = BUILT_PRODUCTS_DIR; };
		A4CB5EE726394B670042EB76 /* Task8UITests.swift */ = {isa = PBXFileReference; lastKnownFileType = sourcecode.swift; path = Task8UITests.swift; sourceTree = "<group>"; };
		A4CB5EE926394B670042EB76 /* Info.plist */ = {isa = PBXFileReference; lastKnownFileType = text.plist.xml; path = Info.plist; sourceTree = "<group>"; };
/* End PBXFileReference section */

/* Begin PBXFrameworksBuildPhase section */
		A4CB5EBF26394B640042EB76 /* Frameworks */ = {
			isa = PBXFrameworksBuildPhase;
			buildActionMask = 2147483647;
			files = (
			);
			runOnlyForDeploymentPostprocessing = 0;
		};
		A4CB5ED526394B670042EB76 /* Frameworks */ = {
			isa = PBXFrameworksBuildPhase;
			buildActionMask = 2147483647;
			files = (
			);
			runOnlyForDeploymentPostprocessing = 0;
		};
		A4CB5EE026394B670042EB76 /* Frameworks */ = {
			isa = PBXFrameworksBuildPhase;
			buildActionMask = 2147483647;
			files = (
			);
			runOnlyForDeploymentPostprocessing = 0;
		};
/* End PBXFrameworksBuildPhase section */

/* Begin PBXGroup section */
		A4CB5EB926394B640042EB76 = {
			isa = PBXGroup;
			children = (
				A4CB5EC426394B640042EB76 /* Task8 */,
				A4CB5EDB26394B670042EB76 /* Task8Tests */,
				A4CB5EE626394B670042EB76 /* Task8UITests */,
				A4CB5EC326394B640042EB76 /* Products */,
			);
			sourceTree = "<group>";
		};
		A4CB5EC326394B640042EB76 /* Products */ = {
			isa = PBXGroup;
			children = (
				A4CB5EC226394B640042EB76 /* Task8.app */,
				A4CB5ED826394B670042EB76 /* Task8Tests.xctest */,
				A4CB5EE326394B670042EB76 /* Task8UITests.xctest */,
			);
			name = Products;
			sourceTree = "<group>";
		};
		A4CB5EC426394B640042EB76 /* Task8 */ = {
			isa = PBXGroup;
			children = (
				A4CB5EC526394B640042EB76 /* AppDelegate.swift */,
				A4CB5EC726394B640042EB76 /* SceneDelegate.swift */,
				A4CB5EC926394B640042EB76 /* ViewController.swift */,
				A4CB5ECB26394B640042EB76 /* Main.storyboard */,
				A4CB5ECE26394B660042EB76 /* Assets.xcassets */,
				A4CB5ED026394B660042EB76 /* LaunchScreen.storyboard */,
				A4CB5ED326394B660042EB76 /* Info.plist */,
			);
			path = Task8;
			sourceTree = "<group>";
		};
		A4CB5EDB26394B670042EB76 /* Task8Tests */ = {
			isa = PBXGroup;
			children = (
				A4CB5EDC26394B670042EB76 /* Task8Tests.swift */,
				A4CB5EDE26394B670042EB76 /* Info.plist */,
			);
			path = Task8Tests;
			sourceTree = "<group>";
		};
		A4CB5EE626394B670042EB76 /* Task8UITests */ = {
			isa = PBXGroup;
			children = (
				A4CB5EE726394B670042EB76 /* Task8UITests.swift */,
				A4CB5EE926394B670042EB76 /* Info.plist */,
			);
			path = Task8UITests;
			sourceTree = "<group>";
		};
/* End PBXGroup section */

/* Begin PBXNativeTarget section */
		A4CB5EC126394B640042EB76 /* Task8 */ = {
			isa = PBXNativeTarget;
			buildConfigurationList = A4CB5EEC26394B670042EB76 /* Build configuration list for PBXNativeTarget "Task8" */;
			buildPhases = (
				A4CB5EBE26394B640042EB76 /* Sources */,
				A4CB5EBF26394B640042EB76 /* Frameworks */,
				A4CB5EC026394B640042EB76 /* Resources */,
			);
			buildRules = (
			);
			dependencies = (
			);
			name = Task8;
			productName = Task8;
			productReference = A4CB5EC226394B640042EB76 /* Task8.app */;
			productType = "com.apple.product-type.application";
		};
		A4CB5ED726394B670042EB76 /* Task8Tests */ = {
			isa = PBXNativeTarget;
			buildConfigurationList = A4CB5EEF26394B670042EB76 /* Build configuration list for PBXNativeTarget "Task8Tests" */;
			buildPhases = (
				A4CB5ED426394B670042EB76 /* Sources */,
				A4CB5ED526394B670042EB76 /* Frameworks */,
				A4CB5ED626394B670042EB76 /* Resources */,
			);
			buildRules = (
			);
			dependencies = (
				A4CB5EDA26394B670042EB76 /* PBXTargetDependency */,
			);
			name = Task8Tests;
			productName = Task8Tests;
			productReference = A4CB5ED826394B670042EB76 /* Task8Tests.xctest */;
			productType = "com.apple.product-type.bundle.unit-test";
		};
		A4CB5EE226394B670042EB76 /* Task8UITests */ = {
			isa = PBXNativeTarget;
			buildConfigurationList = A4CB5EF226394B670042EB76 /* Build configuration list for PBXNativeTarget "Task8UITests" */;
			buildPhases = (
				A4CB5EDF26394B670042EB76 /* Sources */,
				A4CB5EE026394B670042EB76 /* Frameworks */,
				A4CB5EE126394B670042EB76 /* Resources */,
			);
			buildRules = (
			);
			dependencies = (
				A4CB5EE526394B670042EB76 /* PBXTargetDependency */,
			);
			name = Task8UITests;
			productName = Task8UITests;
			productReference = A4CB5EE326394B670042EB76 /* Task8UITests.xctest */;
			productType = "com.apple.product-type.bundle.ui-testing";
		};
/* End PBXNativeTarget section */

/* Begin PBXProject section */
		A4CB5EBA26394B640042EB76 /* Project object */ = {
			isa = PBXProject;
			attributes = {
				LastSwiftUpdateCheck = 1240;
				LastUpgradeCheck = 1240;
				TargetAttributes = {
					A4CB5EC126394B640042EB76 = {
						CreatedOnToolsVersion = 12.4;
					};
					A4CB5ED726394B670042EB76 = {
						CreatedOnToolsVersion = 12.4;
						TestTargetID = A4CB5EC126394B640042EB76;
					};
					A4CB5EE226394B670042EB76 = {
						CreatedOnToolsVersion = 12.4;
						TestTargetID = A4CB5EC126394B640042EB76;
					};
				};
			};
			buildConfigurationList = A4CB5EBD26394B640042EB76 /* Build configuration list for PBXProject "Task8" */;
			compatibilityVersion = "Xcode 9.3";
			developmentRegion = en;
			hasScannedForEncodings = 0;
			knownRegions = (
				en,
				Base,
			);
			mainGroup = A4CB5EB926394B640042EB76;
			productRefGroup = A4CB5EC326394B640042EB76 /* Products */;
			projectDirPath = "";
			projectRoot = "";
			targets = (
				A4CB5EC126394B640042EB76 /* Task8 */,
				A4CB5ED726394B670042EB76 /* Task8Tests */,
				A4CB5EE226394B670042EB76 /* Task8UITests */,
			);
		};
/* End PBXProject section */

/* Begin PBXResourcesBuildPhase section */
		A4CB5EC026394B640042EB76 /* Resources */ = {
			isa = PBXResourcesBuildPhase;
			buildActionMask = 2147483647;
			files = (
				A4CB5ED226394B660042EB76 /* LaunchScreen.storyboard in Resources */,
				A4CB5ECF26394B660042EB76 /* Assets.xcassets in Resources */,
				A4CB5ECD26394B640042EB76 /* Main.storyboard in Resources */,
			);
			runOnlyForDeploymentPostprocessing = 0;
		};
		A4CB5ED626394B670042EB76 /* Resources */ = {
			isa = PBXResourcesBuildPhase;
			buildActionMask = 2147483647;
			files = (
			);
			runOnlyForDeploymentPostprocessing = 0;
		};
		A4CB5EE126394B670042EB76 /* Resources */ = {
			isa = PBXResourcesBuildPhase;
			buildActionMask = 2147483647;
			files = (
			);
			runOnlyForDeploymentPostprocessing = 0;
		};
/* End PBXResourcesBuildPhase section */

/* Begin PBXSourcesBuildPhase section */
		A4CB5EBE26394B640042EB76 /* Sources */ = {
			isa = PBXSourcesBuildPhase;
			buildActionMask = 2147483647;
			files = (
				A4CB5ECA26394B640042EB76 /* ViewController.swift in Sources */,
				A4CB5EC626394B640042EB76 /* AppDelegate.swift in Sources */,
				A4CB5EC826394B640042EB76 /* SceneDelegate.swift in Sources */,
			);
			runOnlyForDeploymentPostprocessing = 0;
		};
		A4CB5ED426394B670042EB76 /* Sources */ = {
			isa = PBXSourcesBuildPhase;
			buildActionMask = 2147483647;
			files = (
				A4CB5EDD26394B670042EB76 /* Task8Tests.swift in Sources */,
			);
			runOnlyForDeploymentPostprocessing = 0;
		};
		A4CB5EDF26394B670042EB76 /* Sources */ = {
			isa = PBXSourcesBuildPhase;
			buildActionMask = 2147483647;
			files = (
				A4CB5EE826394B670042EB76 /* Task8UITests.swift in Sources */,
			);
			runOnlyForDeploymentPostprocessing = 0;
		};
/* End PBXSourcesBuildPhase section */

/* Begin PBXTargetDependency section */
		A4CB5EDA26394B670042EB76 /* PBXTargetDependency */ = {
			isa = PBXTargetDependency;
			target = A4CB5EC126394B640042EB76 /* Task8 */;
			targetProxy = A4CB5ED926394B670042EB76 /* PBXContainerItemProxy */;
		};
		A4CB5EE526394B670042EB76 /* PBXTargetDependency */ = {
			isa = PBXTargetDependency;
			target = A4CB5EC126394B640042EB76 /* Task8 */;
			targetProxy = A4CB5EE426394B670042EB76 /* PBXContainerItemProxy */;
		};
/* End PBXTargetDependency section */

/* Begin PBXVariantGroup section */
		A4CB5ECB26394B640042EB76 /* Main.storyboard */ = {
			isa = PBXVariantGroup;
			children = (
				A4CB5ECC26394B640042EB76 /* Base */,
			);
			name = Main.storyboard;
			sourceTree = "<group>";
		};
		A4CB5ED026394B660042EB76 /* LaunchScreen.storyboard */ = {
			isa = PBXVariantGroup;
			children = (
				A4CB5ED126394B660042EB76 /* Base */,
			);
			name = LaunchScreen.storyboard;
			sourceTree = "<group>";
		};
/* End PBXVariantGroup section */

/* Begin XCBuildConfiguration section */
		A4CB5EEA26394B670042EB76 /* Debug */ = {
			isa = XCBuildConfiguration;
			buildSettings = {
				ALWAYS_SEARCH_USER_PATHS = NO;
				CLANG_ANALYZER_NONNULL = YES;
				CLANG_ANALYZER_NUMBER_OBJECT_CONVERSION = YES_AGGRESSIVE;
				CLANG_CXX_LANGUAGE_STANDARD = "gnu++14";
				CLANG_CXX_LIBRARY = "libc++";
				CLANG_ENABLE_MODULES = YES;
				CLANG_ENABLE_OBJC_ARC = YES;
				CLANG_ENABLE_OBJC_WEAK = YES;
				CLANG_WARN_BLOCK_CAPTURE_AUTORELEASING = YES;
				CLANG_WARN_BOOL_CONVERSION = YES;
				CLANG_WARN_COMMA = YES;
				CLANG_WARN_CONSTANT_CONVERSION = YES;
				CLANG_WARN_DEPRECATED_OBJC_IMPLEMENTATIONS = YES;
				CLANG_WARN_DIRECT_OBJC_ISA_USAGE = YES_ERROR;
				CLANG_WARN_DOCUMENTATION_COMMENTS = YES;
				CLANG_WARN_EMPTY_BODY = YES;
				CLANG_WARN_ENUM_CONVERSION = YES;
				CLANG_WARN_INFINITE_RECURSION = YES;
				CLANG_WARN_INT_CONVERSION = YES;
				CLANG_WARN_NON_LITERAL_NULL_CONVERSION = YES;
				CLANG_WARN_OBJC_IMPLICIT_RETAIN_SELF = YES;
				CLANG_WARN_OBJC_LITERAL_CONVERSION = YES;
				CLANG_WARN_OBJC_ROOT_CLASS = YES_ERROR;
				CLANG_WARN_QUOTED_INCLUDE_IN_FRAMEWORK_HEADER = YES;
				CLANG_WARN_RANGE_LOOP_ANALYSIS = YES;
				CLANG_WARN_STRICT_PROTOTYPES = YES;
				CLANG_WARN_SUSPICIOUS_MOVE = YES;
				CLANG_WARN_UNGUARDED_AVAILABILITY = YES_AGGRESSIVE;
				CLANG_WARN_UNREACHABLE_CODE = YES;
				CLANG_WARN__DUPLICATE_METHOD_MATCH = YES;
				COPY_PHASE_STRIP = NO;
				DEBUG_INFORMATION_FORMAT = dwarf;
				ENABLE_STRICT_OBJC_MSGSEND = YES;
				ENABLE_TESTABILITY = YES;
				GCC_C_LANGUAGE_STANDARD = gnu11;
				GCC_DYNAMIC_NO_PIC = NO;
				GCC_NO_COMMON_BLOCKS = YES;
				GCC_OPTIMIZATION_LEVEL = 0;
				GCC_PREPROCESSOR_DEFINITIONS = (
					"DEBUG=1",
					"$(inherited)",
				);
				GCC_WARN_64_TO_32_BIT_CONVERSION = YES;
				GCC_WARN_ABOUT_RETURN_TYPE = YES_ERROR;
				GCC_WARN_UNDECLARED_SELECTOR = YES;
				GCC_WARN_UNINITIALIZED_AUTOS = YES_AGGRESSIVE;
				GCC_WARN_UNUSED_FUNCTION = YES;
				GCC_WARN_UNUSED_VARIABLE = YES;
				IPHONEOS_DEPLOYMENT_TARGET = 14.4;
				MTL_ENABLE_DEBUG_INFO = INCLUDE_SOURCE;
				MTL_FAST_MATH = YES;
				ONLY_ACTIVE_ARCH = YES;
				SDKROOT = iphoneos;
				SWIFT_ACTIVE_COMPILATION_CONDITIONS = DEBUG;
				SWIFT_OPTIMIZATION_LEVEL = "-Onone";
			};
			name = Debug;
		};
		A4CB5EEB26394B670042EB76 /* Release */ = {
			isa = XCBuildConfiguration;
			buildSettings = {
				ALWAYS_SEARCH_USER_PATHS = NO;
				CLANG_ANALYZER_NONNULL = YES;
				CLANG_ANALYZER_NUMBER_OBJECT_CONVERSION = YES_AGGRESSIVE;
				CLANG_CXX_LANGUAGE_STANDARD = "gnu++14";
				CLANG_CXX_LIBRARY = "libc++";
				CLANG_ENABLE_MODULES = YES;
				CLANG_ENABLE_OBJC_ARC = YES;
				CLANG_ENABLE_OBJC_WEAK = YES;
				CLANG_WARN_BLOCK_CAPTURE_AUTORELEASING = YES;
				CLANG_WARN_BOOL_CONVERSION = YES;
				CLANG_WARN_COMMA = YES;
				CLANG_WARN_CONSTANT_CONVERSION = YES;
				CLANG_WARN_DEPRECATED_OBJC_IMPLEMENTATIONS = YES;
				CLANG_WARN_DIRECT_OBJC_ISA_USAGE = YES_ERROR;
				CLANG_WARN_DOCUMENTATION_COMMENTS = YES;
				CLANG_WARN_EMPTY_BODY = YES;
				CLANG_WARN_ENUM_CONVERSION = YES;
				CLANG_WARN_INFINITE_RECURSION = YES;
				CLANG_WARN_INT_CONVERSION = YES;
				CLANG_WARN_NON_LITERAL_NULL_CONVERSION = YES;
				CLANG_WARN_OBJC_IMPLICIT_RETAIN_SELF = YES;
				CLANG_WARN_OBJC_LITERAL_CONVERSION = YES;
				CLANG_WARN_OBJC_ROOT_CLASS = YES_ERROR;
				CLANG_WARN_QUOTED_INCLUDE_IN_FRAMEWORK_HEADER = YES;
				CLANG_WARN_RANGE_LOOP_ANALYSIS = YES;
				CLANG_WARN_STRICT_PROTOTYPES = YES;
				CLANG_WARN_SUSPICIOUS_MOVE = YES;
				CLANG_WARN_UNGUARDED_AVAILABILITY = YES_AGGRESSIVE;
				CLANG_WARN_UNREACHABLE_CODE = YES;
				CLANG_WARN__DUPLICATE_METHOD_MATCH = YES;
				COPY_PHASE_STRIP = NO;
				DEBUG_INFORMATION_FORMAT = "dwarf-with-dsym";
				ENABLE_NS_ASSERTIONS = NO;
				ENABLE_STRICT_OBJC_MSGSEND = YES;
				GCC_C_LANGUAGE_STANDARD = gnu11;
				GCC_NO_COMMON_BLOCKS = YES;
				GCC_WARN_64_TO_32_BIT_CONVERSION = YES;
				GCC_WARN_ABOUT_RETURN_TYPE = YES_ERROR;
				GCC_WARN_UNDECLARED_SELECTOR = YES;
				GCC_WARN_UNINITIALIZED_AUTOS = YES_AGGRESSIVE;
				GCC_WARN_UNUSED_FUNCTION = YES;
				GCC_WARN_UNUSED_VARIABLE = YES;
				IPHONEOS_DEPLOYMENT_TARGET = 14.4;
				MTL_ENABLE_DEBUG_INFO = NO;
				MTL_FAST_MATH = YES;
				SDKROOT = iphoneos;
				SWIFT_COMPILATION_MODE = wholemodule;
				SWIFT_OPTIMIZATION_LEVEL = "-O";
				VALIDATE_PRODUCT = YES;
			};
			name = Release;
		};
		A4CB5EED26394B670042EB76 /* Debug */ = {
			isa = XCBuildConfiguration;
			buildSettings = {
				ASSETCATALOG_COMPILER_APPICON_NAME = AppIcon;
				ASSETCATALOG_COMPILER_GLOBAL_ACCENT_COLOR_NAME = AccentColor;
				CODE_SIGN_STYLE = Automatic;
				DEVELOPMENT_TEAM = 8HSC6WJMH6;
				INFOPLIST_FILE = Task8/Info.plist;
				LD_RUNPATH_SEARCH_PATHS = (
					"$(inherited)",
					"@executable_path/Frameworks",
				);
				PRODUCT_BUNDLE_IDENTIFIER = jp.techacademy.kazuma.miura2.Task8;
				PRODUCT_NAME = "$(TARGET_NAME)";
				SWIFT_VERSION = 5.0;
				TARGETED_DEVICE_FAMILY = "1,2";
			};
			name = Debug;
		};
		A4CB5EEE26394B670042EB76 /* Release */ = {
			isa = XCBuildConfiguration;
			buildSettings = {
				ASSETCATALOG_COMPILER_APPICON_NAME = AppIcon;
				ASSETCATALOG_COMPILER_GLOBAL_ACCENT_COLOR_NAME = AccentColor;
				CODE_SIGN_STYLE = Automatic;
				DEVELOPMENT_TEAM = 8HSC6WJMH6;
				INFOPLIST_FILE = Task8/Info.plist;
				LD_RUNPATH_SEARCH_PATHS = (
					"$(inherited)",
					"@executable_path/Frameworks",
				);
				PRODUCT_BUNDLE_IDENTIFIER = jp.techacademy.kazuma.miura2.Task8;
				PRODUCT_NAME = "$(TARGET_NAME)";
				SWIFT_VERSION = 5.0;
				TARGETED_DEVICE_FAMILY = "1,2";
			};
			name = Release;
		};
		A4CB5EF026394B670042EB76 /* Debug */ = {
			isa = XCBuildConfiguration;
			buildSettings = {
				ALWAYS_EMBED_SWIFT_STANDARD_LIBRARIES = YES;
				BUNDLE_LOADER = "$(TEST_HOST)";
				CODE_SIGN_STYLE = Automatic;
				DEVELOPMENT_TEAM = 8HSC6WJMH6;
				INFOPLIST_FILE = Task8Tests/Info.plist;
				IPHONEOS_DEPLOYMENT_TARGET = 14.4;
				LD_RUNPATH_SEARCH_PATHS = (
					"$(inherited)",
					"@executable_path/Frameworks",
					"@loader_path/Frameworks",
				);
				PRODUCT_BUNDLE_IDENTIFIER = jp.techacademy.kazuma.miura2.Task8Tests;
				PRODUCT_NAME = "$(TARGET_NAME)";
				SWIFT_VERSION = 5.0;
				TARGETED_DEVICE_FAMILY = "1,2";
				TEST_HOST = "$(BUILT_PRODUCTS_DIR)/Task8.app/Task8";
			};
			name = Debug;
		};
		A4CB5EF126394B670042EB76 /* Release */ = {
			isa = XCBuildConfiguration;
			buildSettings = {
				ALWAYS_EMBED_SWIFT_STANDARD_LIBRARIES = YES;
				BUNDLE_LOADER = "$(TEST_HOST)";
				CODE_SIGN_STYLE = Automatic;
				DEVELOPMENT_TEAM = 8HSC6WJMH6;
				INFOPLIST_FILE = Task8Tests/Info.plist;
				IPHONEOS_DEPLOYMENT_TARGET = 14.4;
				LD_RUNPATH_SEARCH_PATHS = (
					"$(inherited)",
					"@executable_path/Frameworks",
					"@loader_path/Frameworks",
				);
				PRODUCT_BUNDLE_IDENTIFIER = jp.techacademy.kazuma.miura2.Task8Tests;
				PRODUCT_NAME = "$(TARGET_NAME)";
				SWIFT_VERSION = 5.0;
				TARGETED_DEVICE_FAMILY = "1,2";
				TEST_HOST = "$(BUILT_PRODUCTS_DIR)/Task8.app/Task8";
			};
			name = Release;
		};
		A4CB5EF326394B670042EB76 /* Debug */ = {
			isa = XCBuildConfiguration;
			buildSettings = {
				ALWAYS_EMBED_SWIFT_STANDARD_LIBRARIES = YES;
				CODE_SIGN_STYLE = Automatic;
				DEVELOPMENT_TEAM = 8HSC6WJMH6;
				INFOPLIST_FILE = Task8UITests/Info.plist;
				LD_RUNPATH_SEARCH_PATHS = (
					"$(inherited)",
					"@executable_path/Frameworks",
					"@loader_path/Frameworks",
				);
				PRODUCT_BUNDLE_IDENTIFIER = jp.techacademy.kazuma.miura2.Task8UITests;
				PRODUCT_NAME = "$(TARGET_NAME)";
				SWIFT_VERSION = 5.0;
				TARGETED_DEVICE_FAMILY = "1,2";
				TEST_TARGET_NAME = Task8;
			};
			name = Debug;
		};
		A4CB5EF426394B670042EB76 /* Release */ = {
			isa = XCBuildConfiguration;
			buildSettings = {
				ALWAYS_EMBED_SWIFT_STANDARD_LIBRARIES = YES;
				CODE_SIGN_STYLE = Automatic;
				DEVELOPMENT_TEAM = 8HSC6WJMH6;
				INFOPLIST_FILE = Task8UITests/Info.plist;
				LD_RUNPATH_SEARCH_PATHS = (
					"$(inherited)",
					"@executable_path/Frameworks",
					"@loader_path/Frameworks",
				);
				PRODUCT_BUNDLE_IDENTIFIER = jp.techacademy.kazuma.miura2.Task8UITests;
				PRODUCT_NAME = "$(TARGET_NAME)";
				SWIFT_VERSION = 5.0;
				TARGETED_DEVICE_FAMILY = "1,2";
				TEST_TARGET_NAME = Task8;
			};
			name = Release;
		};
/* End XCBuildConfiguration section */

/* Begin XCConfigurationList section */
		A4CB5EBD26394B640042EB76 /* Build configuration list for PBXProject "Task8" */ = {
			isa = XCConfigurationList;
			buildConfigurations = (
				A4CB5EEA26394B670042EB76 /* Debug */,
				A4CB5EEB26394B670042EB76 /* Release */,
			);
			defaultConfigurationIsVisible = 0;
			defaultConfigurationName = Release;
		};
		A4CB5EEC26394B670042EB76 /* Build configuration list for PBXNativeTarget "Task8" */ = {
			isa = XCConfigurationList;
			buildConfigurations = (
				A4CB5EED26394B670042EB76 /* Debug */,
				A4CB5EEE26394B670042EB76 /* Release */,
			);
			defaultConfigurationIsVisible = 0;
			defaultConfigurationName = Release;
		};
		A4CB5EEF26394B670042EB76 /* Build configuration list for PBXNativeTarget "Task8Tests" */ = {
			isa = XCConfigurationList;
			buildConfigurations = (
				A4CB5EF026394B670042EB76 /* Debug */,
				A4CB5EF126394B670042EB76 /* Release */,
			);
			defaultConfigurationIsVisible = 0;
			defaultConfigurationName = Release;
		};
		A4CB5EF226394B670042EB76 /* Build configuration list for PBXNativeTarget "Task8UITests" */ = {
			isa = XCConfigurationList;
			buildConfigurations = (
				A4CB5EF326394B670042EB76 /* Debug */,
				A4CB5EF426394B670042EB76 /* Release */,
			);
			defaultConfigurationIsVisible = 0;
			defaultConfigurationName = Release;
		};
/* End XCConfigurationList section */
	};
	rootObject = A4CB5EBA26394B640042EB76 /* Project object */;
}
